# This file is automatically @generated by Cargo.
# It is not intended for manual editing.
version = 4

[[package]]
name = "aho-corasick"
version = "1.1.5"
source = "registry+https://github.com/rust-lang/crates.io-index"
checksum = "c982642fa9e8606056828ee9a8505737230110bb1099153c79efe865c59d12ba"
dependencies = [
 "memchr",
]

[[package]]
name = "atomic-polyfill"
version = "1.0.3"
source = "registry+https://github.com/rust-lang/crates.io-index"
checksum = "8cf2bce30dfe09ef0bfaef228b9d414faaf7e563035494d7fe092dba54b300f4"
dependencies = [
 "critical-section",
]

[[package]]
name = "autocfg"
version = "1.5.1"
source = "registry+https://github.com/rust-lang/crates.io-index"
checksum = "f2032f911046de80f0a198e0901378627c33f59ea0ac00e363d481118bd70a53"

[[package]]
name = "block-buffer"
version = "0.12.1"
source = "registry+https://github.com/rust-lang/crates.io-index"
checksum = "d2f6c7dbe95a6ed67ad9f18e57daf93a2f034c524b99fd2b76d18fdfeb6660aa"
dependencies = [
 "hybrid-array",
]

[[package]]
name = "byteorder"
version = "1.5.0"
source = "registry+https://github.com/rust-lang/crates.io-index"
checksum = "1fd0f2584146f6f2ef48085050886acf353beff7305ebd1ae69500e27c67f64b"

[[package]]
name = "cfg-if"
version = "1.0.5"
source = "registry+https://github.com/rust-lang/crates.io-index"
checksum = "4e7648175b45a9a48536d676f68d918270699102aa8dab5496df06904c914600"

[[package]]
name = "cobs"
version = "0.3.0"
source = "registry+https://github.com/rust-lang/crates.io-index"
checksum = "0fa961b519f0b462e3a3b4a34b64d119eeaca1d59af726fe450bbba07a9fc0a1"
dependencies = [
 "thiserror",
]

[[package]]
name = "const-oid"
version = "0.10.2"
source = "registry+https://github.com/rust-lang/crates.io-index"
checksum = "a6ef517f0926dd24a1582492c791b6a4818a4d94e789a334894aa15b0d12f55c"

[[package]]
name = "cpufeatures"
version = "0.3.1"
source = "registry+https://github.com/rust-lang/crates.io-index"
checksum = "5ca28b0ae3115b884660db4118d803791fd6756b6e88f39c0f3f7859060d7566"
dependencies = [
 "libc",
]

[[package]]
name = "critical-section"
version = "1.2.0"
source = "registry+https://github.com/rust-lang/crates.io-index"
checksum = "790eea4361631c5e7d22598ecd5723ff611904e3344ce8720784c93e3d83d40b"

[[package]]
name = "crunchy"
version = "0.2.4"
source = "registry+https://github.com/rust-lang/crates.io-index"
checksum = "460fbee9c2c2f33933d720630a6a0bac33ba7053db5344fac858d4b8952d77d5"

[[package]]
name = "crypto-common"
version = "0.2.2"
source = "registry+https://github.com/rust-lang/crates.io-index"
checksum = "ce6e4c961d6cd6c9a86db418387425e8bdeaf05b3c8bc1411e6dca4c252f1453"
dependencies = [
 "hybrid-array",
]

[[package]]
name = "digest"
version = "0.11.3"
source = "registry+https://github.com/rust-lang/crates.io-index"
checksum = "f1dd6dbb5841937940781866fa1281a1ff7bd3bf827091440879f9994983d5c2"
dependencies = [
 "block-buffer",
 "const-oid",
 "crypto-common",
]

[[package]]
name = "either"
version = "1.18.0"
source = "registry+https://github.com/rust-lang/crates.io-index"
checksum = "252afb9ae5eaa683babdc6a068b3f5726eb19e05070c731f9b2a23a7c3e8ed34"

[[package]]
name = "embedded-io"
version = "0.4.0"
source = "registry+https://github.com/rust-lang/crates.io-index"
checksum = "ef1a6892d9eef45c8fa6b9e0086428a2cca8491aca8f787c534a3d6d0bcb3ced"

[[package]]
name = "embedded-io"
version = "0.6.1"
source = "registry+https://github.com/rust-lang/crates.io-index"
checksum = "edd0f118536f44f5ccd48bcb8b111bdc3de888b58c74639dfb034a357d0f206d"

[[package]]
name = "fnv"
version = "1.0.7"
source = "registry+https://github.com/rust-lang/crates.io-index"
checksum = "3f9eec918d3f24069decb9af1554cad7c880e2da24a9afd88aca000531ab82c1"

[[package]]
name = "hash32"
version = "0.2.1"
source = "registry+https://github.com/rust-lang/crates.io-index"
checksum = "b0c35f58762feb77d74ebe43bdbc3210f09be9fe6742234d573bacc26ed92b67"
dependencies = [
 "byteorder",
]

[[package]]
name = "heapless"
version = "0.7.17"
source = "registry+https://github.com/rust-lang/crates.io-index"
checksum = "cdc6457c0eb62c71aac4bc17216026d8410337c4126773b9c5daba343f17964f"
dependencies = [
 "atomic-polyfill",
 "hash32",
 "rustc_version",
 "serde",
 "spin 0.9.9",
 "stable_deref_trait",
]

[[package]]
name = "hex"
version = "0.4.3"
source = "registry+https://github.com/rust-lang/crates.io-index"
checksum = "7f24254aa9a54b5c858eaee2f5bccdb46aaf0e486a595ed5fd8f86ba55232a70"

[[package]]
name = "hybrid-array"
version = "0.4.15"
source = "registry+https://github.com/rust-lang/crates.io-index"
checksum = "27f864f10dfb56725ce5ce5472bc52252c8f93a4ab86327122cebf62c5f59a17"
dependencies = [
 "typenum",
]

[[package]]
name = "itertools"
version = "0.15.0"
source = "registry+https://github.com/rust-lang/crates.io-index"
checksum = "8b4baf93f58d4425749ca49a51c50ebab072c5df6994d08fed93541c331481dc"
dependencies = [
 "either",
]

[[package]]
name = "itoa"
version = "1.0.18"
source = "registry+https://github.com/rust-lang/crates.io-index"
checksum = "8f42a60cbdf9a97f5d2305f08a87dc4e09308d1276d28c869c684d7777685682"

[[package]]
name = "libc"
version = "0.2.189"
source = "registry+https://github.com/rust-lang/crates.io-index"
checksum = "3eaf3ede3fee6db1a4c2ee091bf8a8b4dccdc6d17f656fb07896ee72867612f2"

[[package]]
name = "lock_api"
version = "0.4.14"
source = "registry+https://github.com/rust-lang/crates.io-index"
checksum = "224399e74b87b5f3557511d98dff8b14089b3dadafcab6bb93eab67d3aace965"
dependencies = [
 "scopeguard",
]

[[package]]
name = "logos"
version = "0.16.1"
source = "registry+https://github.com/rust-lang/crates.io-index"
checksum = "eb2c55a318a87600ea870ff8c2012148b44bf18b74fad48d0f835c38c7d07c5f"
dependencies = [
 "logos-derive",
]

[[package]]
name = "logos-codegen"
version = "0.16.1"
source = "registry+https://github.com/rust-lang/crates.io-index"
checksum = "58b3ffaa284e1350d017a57d04ada118c4583cf260c8fb01e0fe28a2e9cf8970"
dependencies = [
 "fnv",
 "proc-macro2",
 "quote",
 "regex-automata",
 "regex-syntax",
 "syn 2.0.119",
]

[[package]]
name = "logos-derive"
version = "0.16.1"
source = "registry+https://github.com/rust-lang/crates.io-index"
checksum = "52d3a9855747c17eaf4383823f135220716ab49bea5fbea7dd42cc9a92f8aa31"
dependencies = [
 "logos-codegen",
]

[[package]]
name = "memchr"
version = "2.8.3"
source = "registry+https://github.com/rust-lang/crates.io-index"
checksum = "cf8baf1c55e62ffcace7a9f06f4bd9cd3f0c4beb022d3b367256b91b87513d98"

[[package]]
name = "num-bigint"
version = "0.5.1"
source = "registry+https://github.com/rust-lang/crates.io-index"
checksum = "93e7820bc0a80a0238e650327316f929ba18d5be054b647490a3a6a339f3e7c0"
dependencies = [
 "num-integer",
 "num-traits",
]

[[package]]
name = "num-integer"
version = "0.1.47"
source = "registry+https://github.com/rust-lang/crates.io-index"
checksum = "7ce2d95d4b3734dc35aa2f45e1aa22cd416814592a4f9d9205e11affd5b8e10b"
dependencies = [
 "num-traits",
]

[[package]]
name = "num-traits"
version = "0.2.19"
source = "registry+https://github.com/rust-lang/crates.io-index"
checksum = "071dfc062690e90b734c0b2273ce72ad0ffa95f0c74596bc250dcfd960262841"
dependencies = [
 "autocfg",
]

[[package]]
name = "once_cell"
version = "1.21.4"
source = "registry+https://github.com/rust-lang/crates.io-index"
checksum = "9f7c3e4beb33f85d45ae3e3a1792185706c8e16d043238c593331cc7cd313b50"

[[package]]
name = "p3-air"
version = "0.6.3"
source = "registry+https://github.com/rust-lang/crates.io-index"
checksum = "ddb1be05c0d6f691afe0c9f468018a9a37cfa904dee78a8081ec96eb3cdd88e8"
dependencies = [
 "p3-field",
 "p3-matrix",
 "tracing",
]

[[package]]
name = "p3-challenger"
version = "0.6.3"
source = "registry+https://github.com/rust-lang/crates.io-index"
checksum = "84d5d5e1ecf2c80b09b48ce870e8abd08b643454101c5dc9d0fd71bfbd78224d"
dependencies = [
 "p3-field",
 "p3-maybe-rayon",
 "p3-monty-31",
 "p3-symmetric",
 "p3-util",
 "tracing",
]

[[package]]
name = "p3-commit"
version = "0.6.3"
source = "registry+https://github.com/rust-lang/crates.io-index"
checksum = "129ee6c7f3dfb7635503b038e0e0ccb364a7572afe40ff28050500c191eb5b17"
dependencies = [
 "itertools",
 "p3-challenger",
 "p3-dft",
 "p3-field",
 "p3-matrix",
 "p3-multilinear-util",
 "p3-util",
 "serde",
]

[[package]]
name = "p3-dft"
version = "0.6.3"
source = "registry+https://github.com/rust-lang/crates.io-index"
checksum = "4321a952da2721ecd85ca593ea189798dfb4e439a2cc1378ce1442091880f173"
dependencies = [
 "itertools",
 "p3-field",
 "p3-matrix",
 "p3-maybe-rayon",
 "p3-util",
 "spin 0.12.3",
 "tracing",
]

[[package]]
name = "p3-field"
version = "0.6.3"
source = "registry+https://github.com/rust-lang/crates.io-index"
checksum = "53db75d38e04fc255826f388eca9d05976733dc9754aa3db411bc9ea1a37c1a0"
dependencies = [
 "itertools",
 "num-bigint",
 "p3-maybe-rayon",
 "p3-util",
 "paste",
 "rand",
 "serde",
 "tracing",
]

[[package]]
name = "p3-fri"
version = "0.6.3"
source = "registry+https://github.com/rust-lang/crates.io-index"
checksum = "6207d9c658afdad926ebc6a5a344c98cfea59baa2eaaf7cd4a528ba02304bae9"
dependencies = [
 "itertools",
 "p3-challenger",
 "p3-commit",
 "p3-dft",
 "p3-field",
 "p3-matrix",
 "p3-maybe-rayon",
 "p3-util",
 "rand",
 "serde",
 "spin 0.12.3",
 "thiserror",
 "tracing",
]

[[package]]
name = "p3-goldilocks"
version = "0.6.3"
source = "registry+https://github.com/rust-lang/crates.io-index"
checksum = "d03b3f31080df31be723b876709246f8f1e532e1c5b82efb5281d705c8304c63"
dependencies = [
 "num-bigint",
 "p3-challenger",
 "p3-dft",
 "p3-field",
 "p3-mds",
 "p3-poseidon1",
 "p3-poseidon2",
 "p3-symmetric",
 "p3-util",
 "paste",
 "rand",
 "serde",
 "spin 0.12.3",
]

[[package]]
name = "p3-keccak"
version = "0.6.3"
source = "registry+https://github.com/rust-lang/crates.io-index"
checksum = "ae50c8c37eb847c660298fb275e53c025c49b2623a8cfabf67f5322258b2b4db"
dependencies = [
 "p3-symmetric",
 "p3-util",
 "tiny-keccak",
]

[[package]]
name = "p3-matrix"
version = "0.6.3"
source = "registry+https://github.com/rust-lang/crates.io-index"
checksum = "473eb920c446a6f4536e0d3528fbdca2a23c0e24e1d0d7767452e6d385dd335c"
dependencies = [
 "itertools",
 "p3-field",
 "p3-maybe-rayon",
 "p3-util",
 "rand",
 "serde",
 "tracing",
]

[[package]]
name = "p3-maybe-rayon"
version = "0.6.3"
source = "registry+https://github.com/rust-lang/crates.io-index"
checksum = "e6fddfd435f96394769414cf5590b77058aa506659bf20d6592e9d1989e04440"

[[package]]
name = "p3-mds"
version = "0.6.3"
source = "registry+https://github.com/rust-lang/crates.io-index"
checksum = "551ba0ab2cccd89f85a99450224898aff224e323bbf61f777ba6344f0896ef10"
dependencies = [
 "p3-dft",
 "p3-field",
 "p3-symmetric",
 "p3-util",
 "rand",
]

[[package]]
name = "p3-merkle-tree"
version = "0.6.3"
source = "registry+https://github.com/rust-lang/crates.io-index"
checksum = "3f2ff6021e0ac78b47c89eb0a2748f45cc581f3a59165046a1cf3020cfad7962"
dependencies = [
 "itertools",
 "p3-commit",
 "p3-field",
 "p3-matrix",
 "p3-maybe-rayon",
 "p3-symmetric",
 "p3-util",
 "rand",
 "serde",
 "spin 0.12.3",
 "thiserror",
 "tracing",
]

[[package]]
name = "p3-monty-31"
version = "0.6.3"
source = "registry+https://github.com/rust-lang/crates.io-index"
checksum = "871f635f7340cd0868b17e43e0c98fefdafdaed90469d0725caf6d8372a2a47c"
dependencies = [
 "itertools",
 "num-bigint",
 "p3-dft",
 "p3-field",
 "p3-matrix",
 "p3-maybe-rayon",
 "p3-mds",
 "p3-poseidon1",
 "p3-poseidon2",
 "p3-symmetric",
 "p3-util",
 "paste",
 "rand",
 "serde",
 "spin 0.12.3",
 "tracing",
]

[[package]]
name = "p3-multilinear-util"
version = "0.6.3"
source = "registry+https://github.com/rust-lang/crates.io-index"
checksum = "98c7d173f885bd446aa95c0ede3de211e2255f23050b2e6df02b189c50c52327"
dependencies = [
 "itertools",
 "p3-field",
 "p3-matrix",
 "p3-maybe-rayon",
 "p3-util",
 "rand",
 "serde",
 "tracing",
]

[[package]]
name = "p3-poseidon1"
version = "0.6.3"
source = "registry+https://github.com/rust-lang/crates.io-index"
checksum = "8d0d304e9a1f29c0d66534aa84e69528e2118351fdce08dcf5898af4e0fecc32"
dependencies = [
 "p3-field",
 "p3-mds",
 "p3-symmetric",
 "rand",
]

[[package]]
name = "p3-poseidon2"
version = "0.6.3"
source = "registry+https://github.com/rust-lang/crates.io-index"
checksum = "43eb8a73a26d14becaed1c67c3e8a047e4311d7909b402383c82ca9643ba17c6"
dependencies = [
 "p3-field",
 "p3-mds",
 "p3-symmetric",
 "p3-util",
 "rand",
]

[[package]]
name = "p3-symmetric"
version = "0.6.3"
source = "registry+https://github.com/rust-lang/crates.io-index"
checksum = "2015ea80cad969b6aabf27a04884286fe1354393b166d968ee0d80a95126b2a4"
dependencies = [
 "itertools",
 "p3-field",
 "p3-util",
 "serde",
]

[[package]]
name = "p3-util"
version = "0.6.3"
source = "registry+https://github.com/rust-lang/crates.io-index"
checksum = "6c5466fc40e6df89d3b291a2eff16b33e68e8571207790370137ec18090aadab"
dependencies = [
 "serde",
]

[[package]]
name = "paste"
version = "1.0.15"
source = "registry+https://github.com/rust-lang/crates.io-index"
checksum = "57c0d7b74b563b49d38dae00a0c37d4d6de9b432382b2892f0574ddcae73fd0a"

[[package]]
name = "pin-project-lite"
version = "0.2.17"
source = "registry+https://github.com/rust-lang/crates.io-index"
checksum = "a89322df9ebe1c1578d689c92318e070967d1042b512afbe49518723f4e6d5cd"

[[package]]
name = "postcard"
version = "1.1.3"
source = "registry+https://github.com/rust-lang/crates.io-index"
checksum = "6764c3b5dd454e283a30e6dfe78e9b31096d9e32036b5d1eaac7a6119ccb9a24"
dependencies = [
 "cobs",
 "embedded-io 0.4.0",
 "embedded-io 0.6.1",
 "heapless",
 "serde",
]

[[package]]
name = "proc-macro2"
version = "1.0.107"
source = "registry+https://github.com/rust-lang/crates.io-index"
checksum = "985e7ec9bb745e6ce6535b544d84d6cd6f7ad8bd711c398938ae983b91a766d9"
dependencies = [
 "unicode-ident",
]

[[package]]
name = "quote"
version = "1.0.47"
source = "registry+https://github.com/rust-lang/crates.io-index"
checksum = "1fbf4db142a473a8d80c26bbf18454ed458bf8d26c8219c331daecfdbd079001"
dependencies = [
 "proc-macro2",
]

[[package]]
name = "rand"
version = "0.10.2"
source = "registry+https://github.com/rust-lang/crates.io-index"
checksum = "c7f5fa3a058cd35567ef9bfa5e75732bee0f9e4c55fa90477bef2dfcdbc4be80"
dependencies = [
 "rand_core",
]

[[package]]
name = "rand_core"
version = "0.10.1"
source = "registry+https://github.com/rust-lang/crates.io-index"
checksum = "63b8176103e19a2643978565ca18b50549f6101881c443590420e4dc998a3c69"

[[package]]
name = "regex-automata"
version = "0.4.18"
source = "registry+https://github.com/rust-lang/crates.io-index"
checksum = "ad8553b9b26413251cbf30e620595c7a41b3887f03da04579c0e6b0d6a06b4b2"
dependencies = [
 "aho-corasick",
 "memchr",
 "regex-syntax",
]

[[package]]
name = "regex-syntax"
version = "0.8.11"
source = "registry+https://github.com/rust-lang/crates.io-index"
checksum = "d6f6ff9a378485b298a5286656da665ba74413d36db0979633275d2e708145d4"

[[package]]
name = "rustc_version"
version = "0.4.1"
source = "registry+https://github.com/rust-lang/crates.io-index"
checksum = "cfcb3a22ef46e85b45de6ee7e79d063319ebb6594faafcf1c225ea92ab6e9b92"
dependencies = [
 "semver",
]

[[package]]
name = "scopeguard"
version = "1.2.0"
source = "registry+https://github.com/rust-lang/crates.io-index"
checksum = "94143f37725109f92c262ed2cf5e59bce7498c01bcc1502d7b9afe439a4e9f49"

[[package]]
name = "semver"
version = "1.0.28"
source = "registry+https://github.com/rust-lang/crates.io-index"
checksum = "8a7852d02fc848982e0c167ef163aaff9cd91dc640ba85e263cb1ce46fae51cd"

[[package]]
name = "serde"
version = "1.0.229"
source = "registry+https://github.com/rust-lang/crates.io-index"
checksum = "4148590afebada386688f18773da617792bf2ef03ffc1e4cbd2b1d45b023e0ba"
dependencies = [
 "serde_core",
 "serde_derive",
]

[[package]]
name = "serde_core"
version = "1.0.229"
source = "registry+https://github.com/rust-lang/crates.io-index"
checksum = "67dca2c9c51e58a4791a4b1ed58308b39c64224d349a935ab5039aa360942a48"
dependencies = [
 "serde_derive",
]

[[package]]
name = "serde_derive"
version = "1.0.229"
source = "registry+https://github.com/rust-lang/crates.io-index"
checksum = "e7a5d71263a5a7d47b41f6b3f06ba276f10cc18b0931f1799f710578e2309348"
dependencies = [
 "proc-macro2",
 "quote",
 "syn 3.0.6",
]

[[package]]
name = "serde_json"
version = "1.0.151"
source = "registry+https://github.com/rust-lang/crates.io-index"
checksum = "c841b55ecdae098c80dcae9cf767f6f8a0c2cdb3416bbef72181df4d0fe73f14"
dependencies = [
 "itoa",
 "memchr",
 "serde",
 "serde_core",
 "zmij",
]

[[package]]
name = "sha2"
version = "0.11.0"
source = "registry+https://github.com/rust-lang/crates.io-index"
checksum = "446ba717509524cb3f22f17ecc096f10f4822d76ab5c0b9822c5f9c284e825f4"
dependencies = [
 "cfg-if",
 "cpufeatures",
 "digest",
]

[[package]]
name = "spin"
version = "0.9.9"
source = "registry+https://github.com/rust-lang/crates.io-index"
checksum = "3763264f6b73151db08c50ff20d7d8a0b8796e021cdea7ceedad07b80155fa0e"
dependencies = [
 "lock_api",
]

[[package]]
name = "spin"
version = "0.12.3"
source = "registry+https://github.com/rust-lang/crates.io-index"
checksum = "0134f9043ed38b087ac4f7d4af44c79e2c9e5094421fe3164f435ce585953b10"
dependencies = [
 "lock_api",
]

[[package]]
name = "stable_deref_trait"
version = "1.2.1"
source = "registry+https://github.com/rust-lang/crates.io-index"
checksum = "6ce2be8dc25455e1f91df71bfa12ad37d7af1092ae736f3a6cd0e37bc7810596"

[[package]]
name = "syn"
version = "2.0.119"
source = "registry+https://github.com/rust-lang/crates.io-index"
checksum = "872831b642d1a07999a962a351ed35b955ea2cfc8f3862091e2a240a84f17297"
dependencies = [
 "proc-macro2",
 "quote",
 "unicode-ident",
]

[[package]]
name = "syn"
version = "3.0.6"
source = "registry+https://github.com/rust-lang/crates.io-index"
checksum = "8593e8e72159ed2257d083c7a454a85cbf854f37a0966d8d483aff8c8a3ebcee"
dependencies = [
 "proc-macro2",
 "quote",
 "unicode-ident",
]

[[package]]
name = "thiserror"
version = "2.0.20"
source = "registry+https://github.com/rust-lang/crates.io-index"
checksum = "ec86235f5fcc2a73650310756d2ac5b138a5780bbbdfae3eeccec992c435ba4f"
dependencies = [
 "thiserror-impl",
]

[[package]]
name = "thiserror-impl"
version = "2.0.20"
source = "registry+https://github.com/rust-lang/crates.io-index"
checksum = "bc04cd3e1236dd4a98afca4569f2deb3f120e5422a4023be2cb683f8486292af"
dependencies = [
 "proc-macro2",
 "quote",
 "syn 3.0.6",
]

[[package]]
name = "tiny-keccak"
version = "2.0.2"
source = "registry+https://github.com/rust-lang/crates.io-index"
checksum = "2c9d3793400a45f954c52e73d068316d76b6f4e36977e3fcebb13a2721e80237"
dependencies = [
 "crunchy",
]

[[package]]
name = "tracing"
version = "0.1.44"
source = "registry+https://github.com/rust-lang/crates.io-index"
checksum = "63e71662fa4b2a2c3a26f570f037eb95bb1f85397f3cd8076caed2f026a6d100"
dependencies = [
 "pin-project-lite",
 "tracing-attributes",
 "tracing-core",
]

[[package]]
name = "tracing-attributes"
version = "0.1.31"
source = "registry+https://github.com/rust-lang/crates.io-index"
checksum = "7490cfa5ec963746568740651ac6781f701c9c5ea257c58e057f3ba8cf69e8da"
dependencies = [
 "proc-macro2",
 "quote",
 "syn 2.0.119",
]

[[package]]
name = "tracing-core"
version = "0.1.36"
source = "registry+https://github.com/rust-lang/crates.io-index"
checksum = "db97caf9d906fbde555dd62fa95ddba9eecfd14cb388e4f491a66d74cd5fb79a"
dependencies = [
 "once_cell",
]

[[package]]
name = "typenum"
version = "1.20.1"
source = "registry+https://github.com/rust-lang/crates.io-index"
checksum = "b6f5e870be6c3b371b77fe0ee0bafb859fa4964b4404c27de1d380043c4dda20"

[[package]]
name = "unicode-ident"
version = "1.0.26"
source = "registry+https://github.com/rust-lang/crates.io-index"
checksum = "d245f478577f809a851594d02313b640fb437e0bb33866753cff937863096954"

[[package]]
name = "verifier-registry"
version = "0.1.0"
dependencies = [
 "hex",
 "serde",
 "sha2",
]

[[package]]
name = "zk-compiler"
version = "0.1.0"
dependencies = [
 "logos",
 "tracing",
 "zk-isa",
 "zk-vm",
]

[[package]]
name = "zk-isa"
version = "0.1.0"

[[package]]
name = "zk-note-packing"
version = "0.1.0"

[[package]]
name = "zk-proof"
version = "0.1.0"
dependencies = [
 "p3-air",
 "p3-challenger",
 "p3-commit",
 "p3-dft",
 "p3-field",
 "p3-fri",
 "p3-goldilocks",
 "p3-keccak",
 "p3-matrix",
 "p3-maybe-rayon",
 "p3-merkle-tree",
 "p3-symmetric",
 "p3-util",
 "postcard",
 "serde",
 "serde_json",
 "sha2",
 "tiny-keccak",
 "tracing",
 "zk-compiler",
 "zk-isa",
 "zk-vm",
]

[[package]]
name = "zk-state"
version = "0.1.0"
dependencies = [
 "serde",
 "serde_json",
 "tiny-keccak",
 "zk-note-packing",
]

[[package]]
name = "zk-vm"
version = "0.1.0"
dependencies = [
 "serde",
 "tracing",
 "zk-isa",
]

[[package]]
name = "zmij"
version = "1.0.23"
source = "registry+https://github.com/rust-lang/crates.io-index"
checksum = "29666d0abbfad1e3dc4dcf6144730dd3a3ab225bbbdac83319345b1b44ccfc1b"
